
Microsoft Visual Studio Solution File, Format Version 12.00
# Visual Studio 2012
Project("{8BC9CEB8-8B4A-11D0-8D11-00A0C91BC942}") = "example1", "example1\example1.vcxproj", "{39E4B775-DAEC-4187-9FBC-2E097F495771}"
EndProject
Global
	GlobalSection(SolutionConfigurationPlatforms) = preSolution
		Debug|Win32 = Debug|Win32
		Release|Win32 = Release|Win32
	EndGlobalSection
	GlobalSection(ProjectConfigurationPlatforms) = postSolution
		{39E4B775-DAEC-4187-9FBC-2E097F495771}.Debug|Win32.ActiveCfg = Debug|Win32
		{39E4B775-DAEC-4187-9FBC-2E097F495771}.Debug|Win32.Build.0 = Debug|Win32
		{39E4B775-DAEC-4187-9FBC-2E097F495771}.Release|Win32.ActiveCfg = Release|Win32
		{39E4B775-DAEC-4187-9FBC-2E097F495771}.Release|Win32.Build.0 = Release|Win32
	EndGlobalSection
	GlobalSection(SolutionProperties) = preSolution
		HideSolutionNode = FALSE
	EndGlobalSection
EndGlobal
