
Microsoft Visual Studio Solution File, Format Version 12.00
# Visual Studio 2012
Project("{8BC9CEB8-8B4A-11D0-8D11-00A0C91BC942}") = "InstDemo", "InstDemo.vcxproj", "{333169FF-75BD-4784-9EDF-36C70D2C32EC}"
EndProject
Global
	GlobalSection(SolutionConfigurationPlatforms) = preSolution
		Debug|Win32 = Debug|Win32
		Release|Win32 = Release|Win32
	EndGlobalSection
	GlobalSection(ProjectConfigurationPlatforms) = postSolution
		{333169FF-75BD-4784-9EDF-36C70D2C32EC}.Debug|Win32.ActiveCfg = Debug|Win32
		{333169FF-75BD-4784-9EDF-36C70D2C32EC}.Debug|Win32.Build.0 = Debug|Win32
		{333169FF-75BD-4784-9EDF-36C70D2C32EC}.Release|Win32.ActiveCfg = Release|Win32
		{333169FF-75BD-4784-9EDF-36C70D2C32EC}.Release|Win32.Build.0 = Release|Win32
	EndGlobalSection
	GlobalSection(SolutionProperties) = preSolution
		HideSolutionNode = FALSE
	EndGlobalSection
EndGlobal
