
Microsoft Visual Studio Solution File, Format Version 12.00
# Visual Studio 2012
Project("{8BC9CEB8-8B4A-11D0-8D11-00A0C91BC942}") = "WaiGuaDll", "WaiGuaDll.vcxproj", "{26F0FD51-0ED8-400A-AB90-AC3691A0867E}"
EndProject
Global
	GlobalSection(SolutionConfigurationPlatforms) = preSolution
		Debug|Win32 = Debug|Win32
		Release|Win32 = Release|Win32
	EndGlobalSection
	GlobalSection(ProjectConfigurationPlatforms) = postSolution
		{26F0FD51-0ED8-400A-AB90-AC3691A0867E}.Debug|Win32.ActiveCfg = Debug|Win32
		{26F0FD51-0ED8-400A-AB90-AC3691A0867E}.Debug|Win32.Build.0 = Debug|Win32
		{26F0FD51-0ED8-400A-AB90-AC3691A0867E}.Release|Win32.ActiveCfg = Release|Win32
		{26F0FD51-0ED8-400A-AB90-AC3691A0867E}.Release|Win32.Build.0 = Release|Win32
	EndGlobalSection
	GlobalSection(SolutionProperties) = preSolution
		HideSolutionNode = FALSE
	EndGlobalSection
EndGlobal
